
Microsoft Visual Studio Solution File, Format Version 12.00
# Visual Studio Version 16
VisualStudioVersion = 16.0.31911.196
MinimumVisualStudioVersion = 10.0.40219.1
Project("{FAE04EC0-301F-11D3-BF4B-00C04F79EFBC}") = "Jeopardy", "Jeopardy\Jeopardy.csproj", "{705BADB7-A233-47F9-9918-9E4F06C4B66A}"
EndProject
Global
	GlobalSection(SolutionConfigurationPlatforms) = preSolution
		Debug|Any CPU = Debug|Any CPU
		Release|Any CPU = Release|Any CPU
	EndGlobalSection
	GlobalSection(ProjectConfigurationPlatforms) = postSolution
		{705BADB7-A233-47F9-9918-9E4F06C4B66A}.Debug|Any CPU.ActiveCfg = Debug|Any CPU
		{705BADB7-A233-47F9-9918-9E4F06C4B66A}.Debug|Any CPU.Build.0 = Debug|Any CPU
		{705BADB7-A233-47F9-9918-9E4F06C4B66A}.Release|Any CPU.ActiveCfg = Release|Any CPU
		{705BADB7-A233-47F9-9918-9E4F06C4B66A}.Release|Any CPU.Build.0 = Release|Any CPU
	EndGlobalSection
	GlobalSection(SolutionProperties) = preSolution
		HideSolutionNode = FALSE
	EndGlobalSection
	GlobalSection(ExtensibilityGlobals) = postSolution
		SolutionGuid = {63A77A22-611E-4A69-BED5-9420B6EB2585}
	EndGlobalSection
EndGlobal
